PODS:
  - Masonry (1.1.0)
  - MQTTClient (0.15.2):
    - MQTTClient/Core (= 0.15.2)
  - MQTTClient/Core (0.15.2):
    - MQTTClient/Manager
    - MQTTClient/Min
  - MQTTClient/Manager (0.15.2):
    - MQTTClient/Min
  - MQTTClient/Min (0.15.2)

DEPENDENCIES:
  - Masonry
  - MQTTClient (~> 0.15.2)

SPEC REPOS:
  https://github.com/cocoapods/specs.git:
    - Masonry
    - MQTTClient

SPEC CHECKSUMS:
  Masonry: 678fab65091a9290e40e2832a55e7ab731aad201
  MQTTClient: 902c7bcac1501595f3d0b15178c7205b40331fb0

PODFILE CHECKSUM: 74dd609ac1d0fa9372eb18a870e21980a13934a9

COCOAPODS: 1.5.3
